
Microsoft Visual Studio Solution File, Format Version 12.00
# Visual Studio Version 17
VisualStudioVersion = 17.6.33829.357
MinimumVisualStudioVersion = 10.0.40219.1
Project("{FAE04EC0-301F-11D3-BF4B-00C04F79EFBC}") = "WonderfulTool", "WonderfulTool\WonderfulTool.csproj", "{9AF6585A-4E39-4B58-9E47-EE258AD12D39}"
EndProject
Global
	GlobalSection(SolutionConfigurationPlatforms) = preSolution
		Debug|Any CPU = Debug|Any CPU
		Release|Any CPU = Release|Any CPU
	EndGlobalSection
	GlobalSection(ProjectConfigurationPlatforms) = postSolution
		{9AF6585A-4E39-4B58-9E47-EE258AD12D39}.Debug|Any CPU.ActiveCfg = Debug|Any CPU
		{9AF6585A-4E39-4B58-9E47-EE258AD12D39}.Debug|Any CPU.Build.0 = Debug|Any CPU
		{9AF6585A-4E39-4B58-9E47-EE258AD12D39}.Release|Any CPU.ActiveCfg = Release|Any CPU
		{9AF6585A-4E39-4B58-9E47-EE258AD12D39}.Release|Any CPU.Build.0 = Release|Any CPU
	EndGlobalSection
	GlobalSection(SolutionProperties) = preSolution
		HideSolutionNode = FALSE
	EndGlobalSection
	GlobalSection(ExtensibilityGlobals) = postSolution
		SolutionGuid = {727749C6-5F4C-4979-A0A6-746A02E12E20}
	EndGlobalSection
EndGlobal
